Microsoft Visual Studio Solution File, Format Version 12.00
# 17
VisualStudioVersion = 17.11.35312.102
MinimumVisualStudioVersion = 10.0.40219.1
Project("{FAE04EC0-301F-11D3-BF4B-00C04F79EFBC}") = "TripApi", "TripApi.csproj", "{422DCDB8-C959-45BE-968B-9462255C9F31}"
EndProject
Global
	GlobalSection(SolutionConfigurationPlatforms) = preSolution
		Debug|Any CPU = Debug|Any CPU
		Release|Any CPU = Release|Any CPU
	EndGlobalSection
	GlobalSection(ProjectConfigurationPlatforms) = postSolution
		{422DCDB8-C959-45BE-968B-9462255C9F31}.Debug|Any CPU.ActiveCfg = Debug|Any CPU
		{422DCDB8-C959-45BE-968B-9462255C9F31}.Debug|Any CPU.Build.0 = Debug|Any CPU
		{422DCDB8-C959-45BE-968B-9462255C9F31}.Release|Any CPU.ActiveCfg = Release|Any CPU
		{422DCDB8-C959-45BE-968B-9462255C9F31}.Release|Any CPU.Build.0 = Release|Any CPU
	EndGlobalSection
	GlobalSection(SolutionProperties) = preSolution
		HideSolutionNode = FALSE
	EndGlobalSection
	GlobalSection(ExtensibilityGlobals) = postSolution
		SolutionGuid = {8E4C573D-DF37-40A7-8285-B369E4731831}
	EndGlobalSection
EndGlobal
